
Microsoft Visual Studio Solution File, Format Version 12.00
# Visual Studio Version 17
VisualStudioVersion = 17.9.34616.47
MinimumVisualStudioVersion = 10.0.40219.1
Project("{FAE04EC0-301F-11D3-BF4B-00C04F79EFBC}") = "BankManagement", "BankManagement.csproj", "{FB534374-F4B4-4759-87EA-5E6F433FD4B7}"
EndProject
Project("{FAE04EC0-301F-11D3-BF4B-00C04F79EFBC}") = "BusinessLayer", "..\BusinessLayer\BusinessLayer.csproj", "{B7805733-136E-42FB-9FD0-D72EADAEF79A}"
EndProject
Project("{FAE04EC0-301F-11D3-BF4B-00C04F79EFBC}") = "DataLayer", "..\DataLayer\DataLayer.csproj", "{F10EA598-A85C-43B4-805A-DAE47D014280}"
EndProject
Global
	GlobalSection(SolutionConfigurationPlatforms) = preSolution
		Debug|Any CPU = Debug|Any CPU
		Release|Any CPU = Release|Any CPU
	EndGlobalSection
	GlobalSection(ProjectConfigurationPlatforms) = postSolution
		{FB534374-F4B4-4759-87EA-5E6F433FD4B7}.Debug|Any CPU.ActiveCfg = Debug|Any CPU
		{FB534374-F4B4-4759-87EA-5E6F433FD4B7}.Debug|Any CPU.Build.0 = Debug|Any CPU
		{FB534374-F4B4-4759-87EA-5E6F433FD4B7}.Release|Any CPU.ActiveCfg = Release|Any CPU
		{FB534374-F4B4-4759-87EA-5E6F433FD4B7}.Release|Any CPU.Build.0 = Release|Any CPU
		{B7805733-136E-42FB-9FD0-D72EADAEF79A}.Debug|Any CPU.ActiveCfg = Debug|Any CPU
		{B7805733-136E-42FB-9FD0-D72EADAEF79A}.Debug|Any CPU.Build.0 = Debug|Any CPU
		{B7805733-136E-42FB-9FD0-D72EADAEF79A}.Release|Any CPU.ActiveCfg = Release|Any CPU
		{B7805733-136E-42FB-9FD0-D72EADAEF79A}.Release|Any CPU.Build.0 = Release|Any CPU
		{F10EA598-A85C-43B4-805A-DAE47D014280}.Debug|Any CPU.ActiveCfg = Debug|Any CPU
		{F10EA598-A85C-43B4-805A-DAE47D014280}.Debug|Any CPU.Build.0 = Debug|Any CPU
		{F10EA598-A85C-43B4-805A-DAE47D014280}.Release|Any CPU.ActiveCfg = Release|Any CPU
		{F10EA598-A85C-43B4-805A-DAE47D014280}.Release|Any CPU.Build.0 = Release|Any CPU
	EndGlobalSection
	GlobalSection(SolutionProperties) = preSolution
		HideSolutionNode = FALSE
	EndGlobalSection
	GlobalSection(ExtensibilityGlobals) = postSolution
		SolutionGuid = {50241447-D8EC-4330-9C36-342C60B29932}
	EndGlobalSection
EndGlobal
